{
  "name": "discordbotz",
  "version": "1.0.0",
  "lockfileVersion": 1,
  "requires": true,
  "dependencies": {
    "@actions/core": {
      "version": "1.2.0",
      "resolved": "https://registry.npmjs.org/@actions/core/-/core-1.2.0.tgz",
      "integrity": "sha512-ZKdyhlSlyz38S6YFfPnyNgCDZuAF2T0Qv5eHflNWytPS8Qjvz39bZFMry9Bb/dpSnqWcNeav5yM2CTYpJeY+Dw=="
    },
    "@actions/exec": {
      "version": "1.0.1",
      "resolved": "https://registry.npmjs.org/@actions/exec/-/exec-1.0.1.tgz",
      "integrity": "sha512-nvFkxwiicvpzNiCBF4wFBDfnBvi7xp/as7LE1hBxBxKG2L29+gkIPBiLKMVORL+Hg3JNf07AKRfl0V5djoypjQ=="
    },
    "@actions/io": {
      "version": "1.0.1",
      "resolved": "https://registry.npmjs.org/@actions/io/-/io-1.0.1.tgz",
      "integrity": "sha512-rhq+tfZukbtaus7xyUtwKfuiCRXd1hWSfmJNEpFgBQJ4woqPEpsBw04awicjwz9tyG2/MVhAEMfVn664Cri5zA=="
    },
    "@bahmutov/print-env": {
      "version": "1.2.0",
      "resolved": "https://registry.npmjs.org/@bahmutov/print-env/-/print-env-1.2.0.tgz",
      "integrity": "sha512-Vf4AX+maJYV6f0RCUjmCsv6dcJPdPp33By8orMU1enb3t867xTGERhfn7aBdeisSKYJ3Dau5nwCiR2sGPSoS+w=="
    },
    "cache": {
      "version": "github:cypress-io/github-actions-cache#8bec6cc5864287529104deeda5b838244fc5f332",
      "from": "github:cypress-io/github-actions-cache#8bec6cc",
      "requires": {
        "@actions/core": "^1.2.0",
        "@actions/exec": "^1.0.1",
        "@actions/io": "^1.0.1",
        "typed-rest-client": "^1.5.0",
        "uuid": "^3.3.3"
      }
    },
    "hasha": {
      "version": "5.1.0",
      "resolved": "https://registry.npmjs.org/hasha/-/hasha-5.1.0.tgz",
      "integrity": "sha512-OFPDWmzPN1l7atOV1TgBVmNtBxaIysToK6Ve9DK+vT6pYuklw/nPNT+HJbZi0KDcI6vWB+9tgvZ5YD7fA3CXcA==",
      "requires": {
        "is-stream": "^2.0.0",
        "type-fest": "^0.8.0"
      }
    },
    "is-stream": {
      "version": "2.0.0",
      "resolved": "https://registry.npmjs.org/is-stream/-/is-stream-2.0.0.tgz",
      "integrity": "sha512-XCoy+WlUr7d1+Z8GgSuXmpuUFC9fOhRXglJMx+dwLKTkL44Cjd4W1Z5P+BQZpr+cR93aGP4S/s7Ftw6Nd/kiEw=="
    },
    "npm-install": {
      "version": "1.4.1",
      "resolved": "https://registry.npmjs.org/npm-install/-/npm-install-1.4.1.tgz",
      "integrity": "sha512-wXy2WqZTqbUrxetk/OGEmE9sm21m9mRJb2nL6UcMmMnoq75HKmlrRFeq9kfShJpm4rWcmG91/hj+yzIVwqp/nw==",
      "requires": {
        "@actions/core": "1.2.0",
        "@actions/exec": "1.0.1",
        "@actions/io": "1.0.1",
        "@bahmutov/print-env": "1.2.0",
        "cache": "github:cypress-io/github-actions-cache#8bec6cc",
        "hasha": "5.1.0",
        "quote": "0.4.0"
      }
    },
    "npm-start": {
      "version": "1.4.2",
      "resolved": "https://registry.npmjs.org/npm-start/-/npm-start-1.4.2.tgz",
      "integrity": "sha1-lQbms/UVtq0yy6gXkwTav7nLewo="
    },
    "qs": {
      "version": "6.9.4",
      "resolved": "https://registry.npmjs.org/qs/-/qs-6.9.4.tgz",
      "integrity": "sha512-A1kFqHekCTM7cz0udomYUoYNWjBebHm/5wzU/XqrBRBNWectVH0QIiN+NEcZ0Dte5hvzHwbr8+XQmguPhJ6WdQ=="
    },
    "quote": {
      "version": "0.4.0",
      "resolved": "https://registry.npmjs.org/quote/-/quote-0.4.0.tgz",
      "integrity": "sha1-EIOSF/bBNiuJGUBE0psjP9fzLwE="
    },
    "tunnel": {
      "version": "0.0.6",
      "resolved": "https://registry.npmjs.org/tunnel/-/tunnel-0.0.6.tgz",
      "integrity": "sha512-1h/Lnq9yajKY2PEbBadPXj3VxsDDu844OnaAo52UVmIzIvwwtBPIuNvkjuzBlTWpfJyUbG3ez0KSBibQkj4ojg=="
    },
    "type-fest": {
      "version": "0.8.1",
      "resolved": "https://registry.npmjs.org/type-fest/-/type-fest-0.8.1.tgz",
      "integrity": "sha512-4dbzIzqvjtgiM5rw1k5rEHtBANKmdudhGyBEajN01fEyhaAIhsoKNy6y7+IN93IfpFtwY9iqi7kD+xwKhQsNJA=="
    },
    "typed-rest-client": {
      "version": "1.7.3",
      "resolved": "https://registry.npmjs.org/typed-rest-client/-/typed-rest-client-1.7.3.tgz",
      "integrity": "sha512-CwTpx/TkRHGZoHkJhBcp4X8K3/WtlzSHVQR0OIFnt10j4tgy4ypgq/SrrgVpA1s6tAL49Q6J3R5C0Cgfh2ddqA==",
      "requires": {
        "qs": "^6.9.1",
        "tunnel": "0.0.6",
        "underscore": "1.8.3"
      }
    },
    "underscore": {
      "version": "1.8.3",
      "resolved": "https://registry.npmjs.org/underscore/-/underscore-1.8.3.tgz",
      "integrity": "sha1-Tz+1OxBuYJf8+ctBCfKl6b36UCI="
    },
    "uuid": {
      "version": "3.4.0",
      "resolved": "https://registry.npmjs.org/uuid/-/uuid-3.4.0.tgz",
      "integrity": "sha512-HjSDRw6gZE5JMggctHBcjVak08+KEVhSIiDzFnT9S9aegmp85S/bReBVTb4QTFaRNptJ9kuYaNhnbNEOkbKb/A=="
    }
  }
}
